{
  "name": "weapp-starter",
  "version": "1.0.0",
  "lockfileVersion": 1,
  "requires": true,
  "dependencies": {
    "miniprogram-api-promise": {
      "version": "1.0.4",
      "resolved": "https://registry.npmjs.org/miniprogram-api-promise/-/miniprogram-api-promise-1.0.4.tgz",
      "integrity": "sha512-lS2ukj03Ugy8IJUDmdssklLT4kjzyRtVYwErhyDZkzxtqcxaed2xldRgNrsikigeMUBR9gAs7wgnjSKPlyKIYg=="
    },
    "underscore": {
      "version": "1.9.2",
      "resolved": "https://registry.npmjs.org/underscore/-/underscore-1.9.2.tgz",
      "integrity": "sha512-D39qtimx0c1fI3ya1Lnhk3E9nONswSKhnffBI0gME9C99fYOkNi04xs8K6pePLhvl1frbDemkaBQ5ikWllR2HQ=="
    },
    "weui-miniprogram": {
      "version": "0.2.2",
      "resolved": "https://registry.npmjs.org/weui-miniprogram/-/weui-miniprogram-0.2.2.tgz",
      "integrity": "sha512-Gn1ahB3YyfnMO+KPRl4ixGQZnbefmS4NZPBiY50FjLO6aBqt3xUvnXaT1B2AhMWfsUq2dWLvedJqCTmi0hP/jg=="
    }
  }
}
